// !$*UTF8*$!
{
	archiveVersion = 1;
	classes = {
	};
	objectVersion = 50;
	objects = {

/* Begin PBXBuildFile section */
		A10B28A0257D810F009D5FFC /* RecipeFileManager.swift in Sources */ = {isa = PBXBuildFile; fileRef = A10B289F257D810F009D5FFC /* RecipeFileManager.swift */; };
		A12FDE1B25793B4900DE28F0 /* Recipe.swift in Sources */ = {isa = PBXBuildFile; fileRef = A12FDE1A25793B4900DE28F0 /* Recipe.swift */; };
		A19F5B12257ABEF3007BD675 /* RecipeCategory.swift in Sources */ = {isa = PBXBuildFile; fileRef = A19F5B11257ABEF3007BD675 /* RecipeCategory.swift */; };
		A19F5B1A257ABF96007BD675 /* RecipeDetailView.swift in Sources */ = {isa = PBXBuildFile; fileRef = A19F5B19257ABF96007BD675 /* RecipeDetailView.swift */; };
		A19F5B25257AF132007BD675 /* Extensions.swift in Sources */ = {isa = PBXBuildFile; fileRef = A19F5B24257AF132007BD675 /* Extensions.swift */; };
		A19F5B38257BE565007BD675 /* YanoneKaffeesatz-Medium.ttf in Resources */ = {isa = PBXBuildFile; fileRef = A19F5B37257BE565007BD675 /* YanoneKaffeesatz-Medium.ttf */; };
		A19F5B3D257BE667007BD675 /* Montserrat-Bold.ttf in Resources */ = {isa = PBXBuildFile; fileRef = A19F5B3C257BE667007BD675 /* Montserrat-Bold.ttf */; };
		A19F5B42257BE674007BD675 /* CourierPrime-Regular.ttf in Resources */ = {isa = PBXBuildFile; fileRef = A19F5B41257BE674007BD675 /* CourierPrime-Regular.ttf */; };
		A19F5B47257BEA58007BD675 /* Raleway-Regular.ttf in Resources */ = {isa = PBXBuildFile; fileRef = A19F5B46257BEA58007BD675 /* Raleway-Regular.ttf */; };
		A19F5B4C257BEC7D007BD675 /* Constants.swift in Sources */ = {isa = PBXBuildFile; fileRef = A19F5B4B257BEC7D007BD675 /* Constants.swift */; };
		A1A67C17257DC4FF00064E93 /* Spinner.swift in Sources */ = {isa = PBXBuildFile; fileRef = A1A67C16257DC4FF00064E93 /* Spinner.swift */; };
		A1CDD1E0257AB5BE00F9C56B /* RecipeDownloader.swift in Sources */ = {isa = PBXBuildFile; fileRef = A1CDD1DF257AB5BE00F9C56B /* RecipeDownloader.swift */; };
		A1D78001257C82150025DE59 /* ImageDataDownloader.swift in Sources */ = {isa = PBXBuildFile; fileRef = A1D78000257C82150025DE59 /* ImageDataDownloader.swift */; };
		A1E23058257997AA008E8CFF /* RecipeModel.swift in Sources */ = {isa = PBXBuildFile; fileRef = A1E23057257997AA008E8CFF /* RecipeModel.swift */; };
		A1F4B64D25757D4B00744700 /* NepaliCuisineApp.swift in Sources */ = {isa = PBXBuildFile; fileRef = A1F4B64C25757D4B00744700 /* NepaliCuisineApp.swift */; };
		A1F4B64F25757D4B00744700 /* HomePageView.swift in Sources */ = {isa = PBXBuildFile; fileRef = A1F4B64E25757D4B00744700 /* HomePageView.swift */; };
		A1F4B65125757D4D00744700 /* Assets.xcassets in Resources */ = {isa = PBXBuildFile; fileRef = A1F4B65025757D4D00744700 /* Assets.xcassets */; };
		A1F4B65425757D4D00744700 /* Preview Assets.xcassets in Resources */ = {isa = PBXBuildFile; fileRef = A1F4B65325757D4D00744700 /* Preview Assets.xcassets */; };
		A1F4B65F25757D4D00744700 /* NepaliCuisineTests.swift in Sources */ = {isa = PBXBuildFile; fileRef = A1F4B65E25757D4D00744700 /* NepaliCuisineTests.swift */; };
		A1F4B66A25757D4D00744700 /* NepaliCuisineUITests.swift in Sources */ = {isa = PBXBuildFile; fileRef = A1F4B66925757D4D00744700 /* NepaliCuisineUITests.swift */; };
/* End PBXBuildFile section */

/* Begin PBXContainerItemProxy section */
		A1F4B65B25757D4D00744700 /* PBXContainerItemProxy */ = {
			isa = PBXContainerItemProxy;
			containerPortal = A1F4B64125757D4A00744700 /* Project object */;
			proxyType = 1;
			remoteGlobalIDString = A1F4B64825757D4B00744700;
			remoteInfo = NepaliCuisine;
		};
		A1F4B66625757D4D00744700 /* PBXContainerItemProxy */ = {
			isa = PBXContainerItemProxy;
			containerPortal = A1F4B64125757D4A00744700 /* Project object */;
			proxyType = 1;
			remoteGlobalIDString = A1F4B64825757D4B00744700;
			remoteInfo = NepaliCuisine;
		};
/* End PBXContainerItemProxy section */

/* Begin PBXFileReference section */
		A10B289F257D810F009D5FFC /* RecipeFileManager.swift */ = {isa = PBXFileReference; lastKnownFileType = sourcecode.swift; path = RecipeFileManager.swift; sourceTree = "<group>"; };
		A12FDE1A25793B4900DE28F0 /* Recipe.swift */ = {isa = PBXFileReference; lastKnownFileType = sourcecode.swift; path = Recipe.swift; sourceTree = "<group>"; };
		A19F5B11257ABEF3007BD675 /* RecipeCategory.swift */ = {isa = PBXFileReference; lastKnownFileType = sourcecode.swift; path = RecipeCategory.swift; sourceTree = "<group>"; };
		A19F5B19257ABF96007BD675 /* RecipeDetailView.swift */ = {isa = PBXFileReference; lastKnownFileType = sourcecode.swift; path = RecipeDetailView.swift; sourceTree = "<group>"; };
		A19F5B24257AF132007BD675 /* Extensions.swift */ = {isa = PBXFileReference; lastKnownFileType = sourcecode.swift; path = Extensions.swift; sourceTree = "<group>"; };
		A19F5B37257BE565007BD675 /* YanoneKaffeesatz-Medium.ttf */ = {isa = PBXFileReference; lastKnownFileType = file; path = "YanoneKaffeesatz-Medium.ttf"; sourceTree = "<group>"; };
		A19F5B3C257BE667007BD675 /* Montserrat-Bold.ttf */ = {isa = PBXFileReference; lastKnownFileType = file; path = "Montserrat-Bold.ttf"; sourceTree = "<group>"; };
		A19F5B41257BE674007BD675 /* CourierPrime-Regular.ttf */ = {isa = PBXFileReference; lastKnownFileType = file; path = "CourierPrime-Regular.ttf"; sourceTree = "<group>"; };
		A19F5B46257BEA58007BD675 /* Raleway-Regular.ttf */ = {isa = PBXFileReference; lastKnownFileType = file; path = "Raleway-Regular.ttf"; sourceTree = "<group>"; };
		A19F5B4B257BEC7D007BD675 /* Constants.swift */ = {isa = PBXFileReference; lastKnownFileType = sourcecode.swift; path = Constants.swift; sourceTree = "<group>"; };
		A1A67C16257DC4FF00064E93 /* Spinner.swift */ = {isa = PBXFileReference; lastKnownFileType = sourcecode.swift; path = Spinner.swift; sourceTree = "<group>"; };
		A1CDD1DF257AB5BE00F9C56B /* RecipeDownloader.swift */ = {isa = PBXFileReference; lastKnownFileType = sourcecode.swift; path = RecipeDownloader.swift; sourceTree = "<group>"; };
		A1D78000257C82150025DE59 /* ImageDataDownloader.swift */ = {isa = PBXFileReference; lastKnownFileType = sourcecode.swift; path = ImageDataDownloader.swift; sourceTree = "<group>"; };
		A1E23057257997AA008E8CFF /* RecipeModel.swift */ = {isa = PBXFileReference; lastKnownFileType = sourcecode.swift; path = RecipeModel.swift; sourceTree = "<group>"; };
		A1F4B64925757D4B00744700 /* NepaliCuisine.app */ = {isa = PBXFileReference; explicitFileType = wrapper.application; includeInIndex = 0; path = NepaliCuisine.app; sourceTree = BUILT_PRODUCTS_DIR; };
		A1F4B64C25757D4B00744700 /* NepaliCuisineApp.swift */ = {isa = PBXFileReference; lastKnownFileType = sourcecode.swift; path = NepaliCuisineApp.swift; sourceTree = "<group>"; };
		A1F4B64E25757D4B00744700 /* HomePageView.swift */ = {isa = PBXFileReference; lastKnownFileType = sourcecode.swift; path = HomePageView.swift; sourceTree = "<group>"; };
		A1F4B65025757D4D00744700 /* Assets.xcassets */ = {isa = PBXFileReference; lastKnownFileType = folder.assetcatalog; path = Assets.xcassets; sourceTree = "<group>"; };
		A1F4B65325757D4D00744700 /* Preview Assets.xcassets */ = {isa = PBXFileReference; lastKnownFileType = folder.assetcatalog; path = "Preview Assets.xcassets"; sourceTree = "<group>"; };
		A1F4B65525757D4D00744700 /* Info.plist */ = {isa = PBXFileReference; lastKnownFileType = text.plist.xml; path = Info.plist; sourceTree = "<group>"; };
		A1F4B65A25757D4D00744700 /* NepaliCuisineTests.xctest */ = {isa = PBXFileReference; explicitFileType = wrapper.cfbundle; includeInIndex = 0; path = NepaliCuisineTests.xctest; sourceTree = BUILT_PRODUCTS_DIR; };
		A1F4B65E25757D4D00744700 /* NepaliCuisineTests.swift */ = {isa = PBXFileReference; lastKnownFileType = sourcecode.swift; path = NepaliCuisineTests.swift; sourceTree = "<group>"; };
		A1F4B66025757D4D00744700 /* Info.plist */ = {isa = PBXFileReference; lastKnownFileType = text.plist.xml; path = Info.plist; sourceTree = "<group>"; };
		A1F4B66525757D4D00744700 /* NepaliCuisineUITests.xctest */ = {isa = PBXFileReference; explicitFileType = wrapper.cfbundle; includeInIndex = 0; path = NepaliCuisineUITests.xctest; sourceTree = BUILT_PRODUCTS_DIR; };
		A1F4B66925757D4D00744700 /* NepaliCuisineUITests.swift */ = {isa = PBXFileReference; lastKnownFileType = sourcecode.swift; path = NepaliCuisineUITests.swift; sourceTree = "<group>"; };
		A1F4B66B25757D4D00744700 /* Info.plist */ = {isa = PBXFileReference; lastKnownFileType = text.plist.xml; path = Info.plist; sourceTree = "<group>"; };
/* End PBXFileReference section */

/* Begin PBXFrameworksBuildPhase section */
		A1F4B64625757D4B00744700 /* Frameworks */ = {
			isa = PBXFrameworksBuildPhase;
			buildActionMask = 2147483647;
			files = (
			);
			runOnlyForDeploymentPostprocessing = 0;
		};
		A1F4B65725757D4D00744700 /* Frameworks */ = {
			isa = PBXFrameworksBuildPhase;
			buildActionMask = 2147483647;
			files = (
			);
			runOnlyForDeploymentPostprocessing = 0;
		};
		A1F4B66225757D4D00744700 /* Frameworks */ = {
			isa = PBXFrameworksBuildPhase;
			buildActionMask = 2147483647;
			files = (
			);
			runOnlyForDeploymentPostprocessing = 0;
		};
/* End PBXFrameworksBuildPhase section */

/* Begin PBXGroup section */
		A18C557D25797E6C00413D84 /* Models */ = {
			isa = PBXGroup;
			children = (
				A12FDE1A25793B4900DE28F0 /* Recipe.swift */,
				A1E23057257997AA008E8CFF /* RecipeModel.swift */,
				A19F5B11257ABEF3007BD675 /* RecipeCategory.swift */,
			);
			path = Models;
			sourceTree = "<group>";
		};
		A19F5B33257BE0A5007BD675 /* Fonts */ = {
			isa = PBXGroup;
			children = (
				A19F5B46257BEA58007BD675 /* Raleway-Regular.ttf */,
				A19F5B3C257BE667007BD675 /* Montserrat-Bold.ttf */,
				A19F5B37257BE565007BD675 /* YanoneKaffeesatz-Medium.ttf */,
				A19F5B41257BE674007BD675 /* CourierPrime-Regular.ttf */,
			);
			path = Fonts;
			sourceTree = "<group>";
		};
		A1A67C1B257DD75200064E93 /* Supporting Views */ = {
			isa = PBXGroup;
			children = (
				A1A67C16257DC4FF00064E93 /* Spinner.swift */,
			);
			path = "Supporting Views";
			sourceTree = "<group>";
		};
		A1CDD1DE257AB5A600F9C56B /* Service */ = {
			isa = PBXGroup;
			children = (
				A1CDD1DF257AB5BE00F9C56B /* RecipeDownloader.swift */,
				A1D78000257C82150025DE59 /* ImageDataDownloader.swift */,
				A10B289F257D810F009D5FFC /* RecipeFileManager.swift */,
			);
			path = Service;
			sourceTree = "<group>";
		};
		A1D77FEC257C39CD0025DE59 /* SupportingFiles */ = {
			isa = PBXGroup;
			children = (
				A19F5B24257AF132007BD675 /* Extensions.swift */,
				A19F5B4B257BEC7D007BD675 /* Constants.swift */,
			);
			path = SupportingFiles;
			sourceTree = "<group>";
		};
		A1F4B64025757D4A00744700 = {
			isa = PBXGroup;
			children = (
				A1F4B64B25757D4B00744700 /* NepaliCuisine */,
				A1F4B65D25757D4D00744700 /* NepaliCuisineTests */,
				A1F4B66825757D4D00744700 /* NepaliCuisineUITests */,
				A1F4B64A25757D4B00744700 /* Products */,
			);
			sourceTree = "<group>";
		};
		A1F4B64A25757D4B00744700 /* Products */ = {
			isa = PBXGroup;
			children = (
				A1F4B64925757D4B00744700 /* NepaliCuisine.app */,
				A1F4B65A25757D4D00744700 /* NepaliCuisineTests.xctest */,
				A1F4B66525757D4D00744700 /* NepaliCuisineUITests.xctest */,
			);
			name = Products;
			sourceTree = "<group>";
		};
		A1F4B64B25757D4B00744700 /* NepaliCuisine */ = {
			isa = PBXGroup;
			children = (
				A1F4B64C25757D4B00744700 /* NepaliCuisineApp.swift */,
				A1F4B64E25757D4B00744700 /* HomePageView.swift */,
				A19F5B19257ABF96007BD675 /* RecipeDetailView.swift */,
				A1A67C1B257DD75200064E93 /* Supporting Views */,
				A18C557D25797E6C00413D84 /* Models */,
				A1CDD1DE257AB5A600F9C56B /* Service */,
				A1D77FEC257C39CD0025DE59 /* SupportingFiles */,
				A19F5B33257BE0A5007BD675 /* Fonts */,
				A1F4B65025757D4D00744700 /* Assets.xcassets */,
				A1F4B65525757D4D00744700 /* Info.plist */,
				A1F4B65225757D4D00744700 /* Preview Content */,
			);
			path = NepaliCuisine;
			sourceTree = "<group>";
		};
		A1F4B65225757D4D00744700 /* Preview Content */ = {
			isa = PBXGroup;
			children = (
				A1F4B65325757D4D00744700 /* Preview Assets.xcassets */,
			);
			path = "Preview Content";
			sourceTree = "<group>";
		};
		A1F4B65D25757D4D00744700 /* NepaliCuisineTests */ = {
			isa = PBXGroup;
			children = (
				A1F4B65E25757D4D00744700 /* NepaliCuisineTests.swift */,
				A1F4B66025757D4D00744700 /* Info.plist */,
			);
			path = NepaliCuisineTests;
			sourceTree = "<group>";
		};
		A1F4B66825757D4D00744700 /* NepaliCuisineUITests */ = {
			isa = PBXGroup;
			children = (
				A1F4B66925757D4D00744700 /* NepaliCuisineUITests.swift */,
				A1F4B66B25757D4D00744700 /* Info.plist */,
			);
			path = NepaliCuisineUITests;
			sourceTree = "<group>";
		};
/* End PBXGroup section */

/* Begin PBXNativeTarget section */
		A1F4B64825757D4B00744700 /* NepaliCuisine */ = {
			isa = PBXNativeTarget;
			buildConfigurationList = A1F4B66E25757D4D00744700 /* Build configuration list for PBXNativeTarget "NepaliCuisine" */;
			buildPhases = (
				A1F4B64525757D4B00744700 /* Sources */,
				A1F4B64625757D4B00744700 /* Frameworks */,
				A1F4B64725757D4B00744700 /* Resources */,
			);
			buildRules = (
			);
			dependencies = (
			);
			name = NepaliCuisine;
			productName = NepaliCuisine;
			productReference = A1F4B64925757D4B00744700 /* NepaliCuisine.app */;
			productType = "com.apple.product-type.application";
		};
		A1F4B65925757D4D00744700 /* NepaliCuisineTests */ = {
			isa = PBXNativeTarget;
			buildConfigurationList = A1F4B67125757D4D00744700 /* Build configuration list for PBXNativeTarget "NepaliCuisineTests" */;
			buildPhases = (
				A1F4B65625757D4D00744700 /* Sources */,
				A1F4B65725757D4D00744700 /* Frameworks */,
				A1F4B65825757D4D00744700 /* Resources */,
			);
			buildRules = (
			);
			dependencies = (
				A1F4B65C25757D4D00744700 /* PBXTargetDependency */,
			);
			name = NepaliCuisineTests;
			productName = NepaliCuisineTests;
			productReference = A1F4B65A25757D4D00744700 /* NepaliCuisineTests.xctest */;
			productType = "com.apple.product-type.bundle.unit-test";
		};
		A1F4B66425757D4D00744700 /* NepaliCuisineUITests */ = {
			isa = PBXNativeTarget;
			buildConfigurationList = A1F4B67425757D4D00744700 /* Build configuration list for PBXNativeTarget "NepaliCuisineUITests" */;
			buildPhases = (
				A1F4B66125757D4D00744700 /* Sources */,
				A1F4B66225757D4D00744700 /* Frameworks */,
				A1F4B66325757D4D00744700 /* Resources */,
			);
			buildRules = (
			);
			dependencies = (
				A1F4B66725757D4D00744700 /* PBXTargetDependency */,
			);
			name = NepaliCuisineUITests;
			productName = NepaliCuisineUITests;
			productReference = A1F4B66525757D4D00744700 /* NepaliCuisineUITests.xctest */;
			productType = "com.apple.product-type.bundle.ui-testing";
		};
/* End PBXNativeTarget section */

/* Begin PBXProject section */
		A1F4B64125757D4A00744700 /* Project object */ = {
			isa = PBXProject;
			attributes = {
				LastSwiftUpdateCheck = 1220;
				LastUpgradeCheck = 1220;
				TargetAttributes = {
					A1F4B64825757D4B00744700 = {
						CreatedOnToolsVersion = 12.2;
					};
					A1F4B65925757D4D00744700 = {
						CreatedOnToolsVersion = 12.2;
						TestTargetID = A1F4B64825757D4B00744700;
					};
					A1F4B66425757D4D00744700 = {
						CreatedOnToolsVersion = 12.2;
						TestTargetID = A1F4B64825757D4B00744700;
					};
				};
			};
			buildConfigurationList = A1F4B64425757D4A00744700 /* Build configuration list for PBXProject "NepaliCuisine" */;
			compatibilityVersion = "Xcode 9.3";
			developmentRegion = en;
			hasScannedForEncodings = 0;
			knownRegions = (
				en,
				Base,
			);
			mainGroup = A1F4B64025757D4A00744700;
			productRefGroup = A1F4B64A25757D4B00744700 /* Products */;
			projectDirPath = "";
			projectRoot = "";
			targets = (
				A1F4B64825757D4B00744700 /* NepaliCuisine */,
				A1F4B65925757D4D00744700 /* NepaliCuisineTests */,
				A1F4B66425757D4D00744700 /* NepaliCuisineUITests */,
			);
		};
/* End PBXProject section */

/* Begin PBXResourcesBuildPhase section */
		A1F4B64725757D4B00744700 /* Resources */ = {
			isa = PBXResourcesBuildPhase;
			buildActionMask = 2147483647;
			files = (
				A19F5B3D257BE667007BD675 /* Montserrat-Bold.ttf in Resources */,
				A19F5B47257BEA58007BD675 /* Raleway-Regular.ttf in Resources */,
				A19F5B38257BE565007BD675 /* YanoneKaffeesatz-Medium.ttf in Resources */,
				A1F4B65425757D4D00744700 /* Preview Assets.xcassets in Resources */,
				A19F5B42257BE674007BD675 /* CourierPrime-Regular.ttf in Resources */,
				A1F4B65125757D4D00744700 /* Assets.xcassets in Resources */,
			);
			runOnlyForDeploymentPostprocessing = 0;
		};
		A1F4B65825757D4D00744700 /* Resources */ = {
			isa = PBXResourcesBuildPhase;
			buildActionMask = 2147483647;
			files = (
			);
			runOnlyForDeploymentPostprocessing = 0;
		};
		A1F4B66325757D4D00744700 /* Resources */ = {
			isa = PBXResourcesBuildPhase;
			buildActionMask = 2147483647;
			files = (
			);
			runOnlyForDeploymentPostprocessing = 0;
		};
/* End PBXResourcesBuildPhase section */

/* Begin PBXSourcesBuildPhase section */
		A1F4B64525757D4B00744700 /* Sources */ = {
			isa = PBXSourcesBuildPhase;
			buildActionMask = 2147483647;
			files = (
				A1CDD1E0257AB5BE00F9C56B /* RecipeDownloader.swift in Sources */,
				A19F5B25257AF132007BD675 /* Extensions.swift in Sources */,
				A19F5B12257ABEF3007BD675 /* RecipeCategory.swift in Sources */,
				A12FDE1B25793B4900DE28F0 /* Recipe.swift in Sources */,
				A1E23058257997AA008E8CFF /* RecipeModel.swift in Sources */,
				A1F4B64F25757D4B00744700 /* HomePageView.swift in Sources */,
				A1F4B64D25757D4B00744700 /* NepaliCuisineApp.swift in Sources */,
				A1A67C17257DC4FF00064E93 /* Spinner.swift in Sources */,
				A19F5B1A257ABF96007BD675 /* RecipeDetailView.swift in Sources */,
				A19F5B4C257BEC7D007BD675 /* Constants.swift in Sources */,
				A1D78001257C82150025DE59 /* ImageDataDownloader.swift in Sources */,
				A10B28A0257D810F009D5FFC /* RecipeFileManager.swift in Sources */,
			);
			runOnlyForDeploymentPostprocessing = 0;
		};
		A1F4B65625757D4D00744700 /* Sources */ = {
			isa = PBXSourcesBuildPhase;
			buildActionMask = 2147483647;
			files = (
				A1F4B65F25757D4D00744700 /* NepaliCuisineTests.swift in Sources */,
			);
			runOnlyForDeploymentPostprocessing = 0;
		};
		A1F4B66125757D4D00744700 /* Sources */ = {
			isa = PBXSourcesBuildPhase;
			buildActionMask = 2147483647;
			files = (
				A1F4B66A25757D4D00744700 /* NepaliCuisineUITests.swift in Sources */,
			);
			runOnlyForDeploymentPostprocessing = 0;
		};
/* End PBXSourcesBuildPhase section */

/* Begin PBXTargetDependency section */
		A1F4B65C25757D4D00744700 /* PBXTargetDependency */ = {
			isa = PBXTargetDependency;
			target = A1F4B64825757D4B00744700 /* NepaliCuisine */;
			targetProxy = A1F4B65B25757D4D00744700 /* PBXContainerItemProxy */;
		};
		A1F4B66725757D4D00744700 /* PBXTargetDependency */ = {
			isa = PBXTargetDependency;
			target = A1F4B64825757D4B00744700 /* NepaliCuisine */;
			targetProxy = A1F4B66625757D4D00744700 /* PBXContainerItemProxy */;
		};
/* End PBXTargetDependency section */

/* Begin XCBuildConfiguration section */
		A1F4B66C25757D4D00744700 /* Debug */ = {
			isa = XCBuildConfiguration;
			buildSettings = {
				ALWAYS_SEARCH_USER_PATHS = NO;
				CLANG_ANALYZER_NONNULL = YES;
				CLANG_ANALYZER_NUMBER_OBJECT_CONVERSION = YES_AGGRESSIVE;
				CLANG_CXX_LANGUAGE_STANDARD = "gnu++14";
				CLANG_CXX_LIBRARY = "libc++";
				CLANG_ENABLE_MODULES = YES;
				CLANG_ENABLE_OBJC_ARC = YES;
				CLANG_ENABLE_OBJC_WEAK = YES;
				CLANG_WARN_BLOCK_CAPTURE_AUTORELEASING = YES;
				CLANG_WARN_BOOL_CONVERSION = YES;
				CLANG_WARN_COMMA = YES;
				CLANG_WARN_CONSTANT_CONVERSION = YES;
				CLANG_WARN_DEPRECATED_OBJC_IMPLEMENTATIONS = YES;
				CLANG_WARN_DIRECT_OBJC_ISA_USAGE = YES_ERROR;
				CLANG_WARN_DOCUMENTATION_COMMENTS = YES;
				CLANG_WARN_EMPTY_BODY = YES;
				CLANG_WARN_ENUM_CONVERSION = YES;
				CLANG_WARN_INFINITE_RECURSION = YES;
				CLANG_WARN_INT_CONVERSION = YES;
				CLANG_WARN_NON_LITERAL_NULL_CONVERSION = YES;
				CLANG_WARN_OBJC_IMPLICIT_RETAIN_SELF = YES;
				CLANG_WARN_OBJC_LITERAL_CONVERSION = YES;
				CLANG_WARN_OBJC_ROOT_CLASS = YES_ERROR;
				CLANG_WARN_QUOTED_INCLUDE_IN_FRAMEWORK_HEADER = YES;
				CLANG_WARN_RANGE_LOOP_ANALYSIS = YES;
				CLANG_WARN_STRICT_PROTOTYPES = YES;
				CLANG_WARN_SUSPICIOUS_MOVE = YES;
				CLANG_WARN_UNGUARDED_AVAILABILITY = YES_AGGRESSIVE;
				CLANG_WARN_UNREACHABLE_CODE = YES;
				CLANG_WARN__DUPLICATE_METHOD_MATCH = YES;
				COPY_PHASE_STRIP = NO;
				DEBUG_INFORMATION_FORMAT = dwarf;
				ENABLE_STRICT_OBJC_MSGSEND = YES;
				ENABLE_TESTABILITY = YES;
				GCC_C_LANGUAGE_STANDARD = gnu11;
				GCC_DYNAMIC_NO_PIC = NO;
				GCC_NO_COMMON_BLOCKS = YES;
				GCC_OPTIMIZATION_LEVEL = 0;
				GCC_PREPROCESSOR_DEFINITIONS = (
					"DEBUG=1",
					"$(inherited)",
				);
				GCC_WARN_64_TO_32_BIT_CONVERSION = YES;
				GCC_WARN_ABOUT_RETURN_TYPE = YES_ERROR;
				GCC_WARN_UNDECLARED_SELECTOR = YES;
				GCC_WARN_UNINITIALIZED_AUTOS = YES_AGGRESSIVE;
				GCC_WARN_UNUSED_FUNCTION = YES;
				GCC_WARN_UNUSED_VARIABLE = YES;
				IPHONEOS_DEPLOYMENT_TARGET = 14.2;
				MTL_ENABLE_DEBUG_INFO = INCLUDE_SOURCE;
				MTL_FAST_MATH = YES;
				ONLY_ACTIVE_ARCH = YES;
				SDKROOT = iphoneos;
				SWIFT_ACTIVE_COMPILATION_CONDITIONS = DEBUG;
				SWIFT_OPTIMIZATION_LEVEL = "-Onone";
			};
			name = Debug;
		};
		A1F4B66D25757D4D00744700 /* Release */ = {
			isa = XCBuildConfiguration;
			buildSettings = {
				ALWAYS_SEARCH_USER_PATHS = NO;
				CLANG_ANALYZER_NONNULL = YES;
				CLANG_ANALYZER_NUMBER_OBJECT_CONVERSION = YES_AGGRESSIVE;
				CLANG_CXX_LANGUAGE_STANDARD = "gnu++14";
				CLANG_CXX_LIBRARY = "libc++";
				CLANG_ENABLE_MODULES = YES;
				CLANG_ENABLE_OBJC_ARC = YES;
				CLANG_ENABLE_OBJC_WEAK = YES;
				CLANG_WARN_BLOCK_CAPTURE_AUTORELEASING = YES;
				CLANG_WARN_BOOL_CONVERSION = YES;
				CLANG_WARN_COMMA = YES;
				CLANG_WARN_CONSTANT_CONVERSION = YES;
				CLANG_WARN_DEPRECATED_OBJC_IMPLEMENTATIONS = YES;
				CLANG_WARN_DIRECT_OBJC_ISA_USAGE = YES_ERROR;
				CLANG_WARN_DOCUMENTATION_COMMENTS = YES;
				CLANG_WARN_EMPTY_BODY = YES;
				CLANG_WARN_ENUM_CONVERSION = YES;
				CLANG_WARN_INFINITE_RECURSION = YES;
				CLANG_WARN_INT_CONVERSION = YES;
				CLANG_WARN_NON_LITERAL_NULL_CONVERSION = YES;
				CLANG_WARN_OBJC_IMPLICIT_RETAIN_SELF = YES;
				CLANG_WARN_OBJC_LITERAL_CONVERSION = YES;
				CLANG_WARN_OBJC_ROOT_CLASS = YES_ERROR;
				CLANG_WARN_QUOTED_INCLUDE_IN_FRAMEWORK_HEADER = YES;
				CLANG_WARN_RANGE_LOOP_ANALYSIS = YES;
				CLANG_WARN_STRICT_PROTOTYPES = YES;
				CLANG_WARN_SUSPICIOUS_MOVE = YES;
				CLANG_WARN_UNGUARDED_AVAILABILITY = YES_AGGRESSIVE;
				CLANG_WARN_UNREACHABLE_CODE = YES;
				CLANG_WARN__DUPLICATE_METHOD_MATCH = YES;
				COPY_PHASE_STRIP = NO;
				DEBUG_INFORMATION_FORMAT = "dwarf-with-dsym";
				ENABLE_NS_ASSERTIONS = NO;
				ENABLE_STRICT_OBJC_MSGSEND = YES;
				GCC_C_LANGUAGE_STANDARD = gnu11;
				GCC_NO_COMMON_BLOCKS = YES;
				GCC_WARN_64_TO_32_BIT_CONVERSION = YES;
				GCC_WARN_ABOUT_RETURN_TYPE = YES_ERROR;
				GCC_WARN_UNDECLARED_SELECTOR = YES;
				GCC_WARN_UNINITIALIZED_AUTOS = YES_AGGRESSIVE;
				GCC_WARN_UNUSED_FUNCTION = YES;
				GCC_WARN_UNUSED_VARIABLE = YES;
				IPHONEOS_DEPLOYMENT_TARGET = 14.2;
				MTL_ENABLE_DEBUG_INFO = NO;
				MTL_FAST_MATH = YES;
				SDKROOT = iphoneos;
				SWIFT_COMPILATION_MODE = wholemodule;
				SWIFT_OPTIMIZATION_LEVEL = "-O";
				VALIDATE_PRODUCT = YES;
			};
			name = Release;
		};
		A1F4B66F25757D4D00744700 /* Debug */ = {
			isa = XCBuildConfiguration;
			buildSettings = {
				ASSETCATALOG_COMPILER_APPICON_NAME = AppIcon;
				ASSETCATALOG_COMPILER_GLOBAL_ACCENT_COLOR_NAME = AccentColor;
				CODE_SIGN_STYLE = Automatic;
				DEVELOPMENT_ASSET_PATHS = "\"NepaliCuisine/Preview Content\"";
				DEVELOPMENT_TEAM = 48AX4GN775;
				ENABLE_PREVIEWS = YES;
				INFOPLIST_FILE = NepaliCuisine/Info.plist;
				IPHONEOS_DEPLOYMENT_TARGET = 14.0;
				LD_RUNPATH_SEARCH_PATHS = (
					"$(inherited)",
					"@executable_path/Frameworks",
				);
				PRODUCT_BUNDLE_IDENTIFIER = sajan.NepaliCuisine;
				PRODUCT_NAME = "$(TARGET_NAME)";
				SWIFT_VERSION = 5.0;
				TARGETED_DEVICE_FAMILY = "1,2";
			};
			name = Debug;
		};
		A1F4B67025757D4D00744700 /* Release */ = {
			isa = XCBuildConfiguration;
			buildSettings = {
				ASSETCATALOG_COMPILER_APPICON_NAME = AppIcon;
				ASSETCATALOG_COMPILER_GLOBAL_ACCENT_COLOR_NAME = AccentColor;
				CODE_SIGN_STYLE = Automatic;
				DEVELOPMENT_ASSET_PATHS = "\"NepaliCuisine/Preview Content\"";
				DEVELOPMENT_TEAM = 48AX4GN775;
				ENABLE_PREVIEWS = YES;
				INFOPLIST_FILE = NepaliCuisine/Info.plist;
				IPHONEOS_DEPLOYMENT_TARGET = 14.0;
				LD_RUNPATH_SEARCH_PATHS = (
					"$(inherited)",
					"@executable_path/Frameworks",
				);
				PRODUCT_BUNDLE_IDENTIFIER = sajan.NepaliCuisine;
				PRODUCT_NAME = "$(TARGET_NAME)";
				SWIFT_VERSION = 5.0;
				TARGETED_DEVICE_FAMILY = "1,2";
			};
			name = Release;
		};
		A1F4B67225757D4D00744700 /* Debug */ = {
			isa = XCBuildConfiguration;
			buildSettings = {
				ALWAYS_EMBED_SWIFT_STANDARD_LIBRARIES = YES;
				BUNDLE_LOADER = "$(TEST_HOST)";
				CODE_SIGN_STYLE = Automatic;
				DEVELOPMENT_TEAM = 48AX4GN775;
				INFOPLIST_FILE = NepaliCuisineTests/Info.plist;
				IPHONEOS_DEPLOYMENT_TARGET = 14.0;
				LD_RUNPATH_SEARCH_PATHS = (
					"$(inherited)",
					"@executable_path/Frameworks",
					"@loader_path/Frameworks",
				);
				PRODUCT_BUNDLE_IDENTIFIER = sajan.NepaliCuisineTests;
				PRODUCT_NAME = "$(TARGET_NAME)";
				SWIFT_VERSION = 5.0;
				TARGETED_DEVICE_FAMILY = "1,2";
				TEST_HOST = "$(BUILT_PRODUCTS_DIR)/NepaliCuisine.app/NepaliCuisine";
			};
			name = Debug;
		};
		A1F4B67325757D4D00744700 /* Release */ = {
			isa = XCBuildConfiguration;
			buildSettings = {
				ALWAYS_EMBED_SWIFT_STANDARD_LIBRARIES = YES;
				BUNDLE_LOADER = "$(TEST_HOST)";
				CODE_SIGN_STYLE = Automatic;
				DEVELOPMENT_TEAM = 48AX4GN775;
				INFOPLIST_FILE = NepaliCuisineTests/Info.plist;
				IPHONEOS_DEPLOYMENT_TARGET = 14.0;
				LD_RUNPATH_SEARCH_PATHS = (
					"$(inherited)",
					"@executable_path/Frameworks",
					"@loader_path/Frameworks",
				);
				PRODUCT_BUNDLE_IDENTIFIER = sajan.NepaliCuisineTests;
				PRODUCT_NAME = "$(TARGET_NAME)";
				SWIFT_VERSION = 5.0;
				TARGETED_DEVICE_FAMILY = "1,2";
				TEST_HOST = "$(BUILT_PRODUCTS_DIR)/NepaliCuisine.app/NepaliCuisine";
			};
			name = Release;
		};
		A1F4B67525757D4D00744700 /* Debug */ = {
			isa = XCBuildConfiguration;
			buildSettings = {
				ALWAYS_EMBED_SWIFT_STANDARD_LIBRARIES = YES;
				CODE_SIGN_STYLE = Automatic;
				DEVELOPMENT_TEAM = 48AX4GN775;
				INFOPLIST_FILE = NepaliCuisineUITests/Info.plist;
				LD_RUNPATH_SEARCH_PATHS = (
					"$(inherited)",
					"@executable_path/Frameworks",
					"@loader_path/Frameworks",
				);
				PRODUCT_BUNDLE_IDENTIFIER = sajan.NepaliCuisineUITests;
				PRODUCT_NAME = "$(TARGET_NAME)";
				SWIFT_VERSION = 5.0;
				TARGETED_DEVICE_FAMILY = "1,2";
				TEST_TARGET_NAME = NepaliCuisine;
			};
			name = Debug;
		};
		A1F4B67625757D4D00744700 /* Release */ = {
			isa = XCBuildConfiguration;
			buildSettings = {
				ALWAYS_EMBED_SWIFT_STANDARD_LIBRARIES = YES;
				CODE_SIGN_STYLE = Automatic;
				DEVELOPMENT_TEAM = 48AX4GN775;
				INFOPLIST_FILE = NepaliCuisineUITests/Info.plist;
				LD_RUNPATH_SEARCH_PATHS = (
					"$(inherited)",
					"@executable_path/Frameworks",
					"@loader_path/Frameworks",
				);
				PRODUCT_BUNDLE_IDENTIFIER = sajan.NepaliCuisineUITests;
				PRODUCT_NAME = "$(TARGET_NAME)";
				SWIFT_VERSION = 5.0;
				TARGETED_DEVICE_FAMILY = "1,2";
				TEST_TARGET_NAME = NepaliCuisine;
			};
			name = Release;
		};
/* End XCBuildConfiguration section */

/* Begin XCConfigurationList section */
		A1F4B64425757D4A00744700 /* Build configuration list for PBXProject "NepaliCuisine" */ = {
			isa = XCConfigurationList;
			buildConfigurations = (
				A1F4B66C25757D4D00744700 /* Debug */,
				A1F4B66D25757D4D00744700 /* Release */,
			);
			defaultConfigurationIsVisible = 0;
			defaultConfigurationName = Release;
		};
		A1F4B66E25757D4D00744700 /* Build configuration list for PBXNativeTarget "NepaliCuisine" */ = {
			isa = XCConfigurationList;
			buildConfigurations = (
				A1F4B66F25757D4D00744700 /* Debug */,
				A1F4B67025757D4D00744700 /* Release */,
			);
			defaultConfigurationIsVisible = 0;
			defaultConfigurationName = Release;
		};
		A1F4B67125757D4D00744700 /* Build configuration list for PBXNativeTarget "NepaliCuisineTests" */ = {
			isa = XCConfigurationList;
			buildConfigurations = (
				A1F4B67225757D4D00744700 /* Debug */,
				A1F4B67325757D4D00744700 /* Release */,
			);
			defaultConfigurationIsVisible = 0;
			defaultConfigurationName = Release;
		};
		A1F4B67425757D4D00744700 /* Build configuration list for PBXNativeTarget "NepaliCuisineUITests" */ = {
			isa = XCConfigurationList;
			buildConfigurations = (
				A1F4B67525757D4D00744700 /* Debug */,
				A1F4B67625757D4D00744700 /* Release */,
			);
			defaultConfigurationIsVisible = 0;
			defaultConfigurationName = Release;
		};
/* End XCConfigurationList section */
	};
	rootObject = A1F4B64125757D4A00744700 /* Project object */;
}
